
Microsoft Visual Studio Solution File, Format Version 12.00
# Visual Studio Version 16
VisualStudioVersion = 16.0.30503.244
MinimumVisualStudioVersion = 10.0.40219.1
Project("{8BC9CEB8-8B4A-11D0-8D11-00A0C91BC942}") = "数据结构p85-2.12", "数据结构p85-2.12\数据结构p85-2.12.vcxproj", "{301E9747-0F0F-4EDF-AB0C-276C0EB9BA92}"
EndProject
Global
	GlobalSection(SolutionConfigurationPlatforms) = preSolution
		Debug|x64 = Debug|x64
		Debug|x86 = Debug|x86
		Release|x64 = Release|x64
		Release|x86 = Release|x86
	EndGlobalSection
	GlobalSection(ProjectConfigurationPlatforms) = postSolution
		{301E9747-0F0F-4EDF-AB0C-276C0EB9BA92}.Debug|x64.ActiveCfg = Debug|x64
		{301E9747-0F0F-4EDF-AB0C-276C0EB9BA92}.Debug|x64.Build.0 = Debug|x64
		{301E9747-0F0F-4EDF-AB0C-276C0EB9BA92}.Debug|x86.ActiveCfg = Debug|Win32
		{301E9747-0F0F-4EDF-AB0C-276C0EB9BA92}.Debug|x86.Build.0 = Debug|Win32
		{301E9747-0F0F-4EDF-AB0C-276C0EB9BA92}.Release|x64.ActiveCfg = Release|x64
		{301E9747-0F0F-4EDF-AB0C-276C0EB9BA92}.Release|x64.Build.0 = Release|x64
		{301E9747-0F0F-4EDF-AB0C-276C0EB9BA92}.Release|x86.ActiveCfg = Release|Win32
		{301E9747-0F0F-4EDF-AB0C-276C0EB9BA92}.Release|x86.Build.0 = Release|Win32
	EndGlobalSection
	GlobalSection(SolutionProperties) = preSolution
		HideSolutionNode = FALSE
	EndGlobalSection
	GlobalSection(ExtensibilityGlobals) = postSolution
		SolutionGuid = {4293C23F-531C-4DCC-9CAA-2380E31F0C9D}
	EndGlobalSection
EndGlobal
